
Microsoft Visual Studio Solution File, Format Version 12.00
# Visual Studio Version 16
VisualStudioVersion = 16.0.30907.101
MinimumVisualStudioVersion = 10.0.40219.1
Project("{FAE04EC0-301F-11D3-BF4B-00C04F79EFBC}") = "e-Commerce_Api", "e-Commerce_Api\e-Commerce_Api.csproj", "{9E007833-86DA-4BD7-AECD-755AD9F9C8D7}"
EndProject
Global
	GlobalSection(SolutionConfigurationPlatforms) = preSolution
		Debug|Any CPU = Debug|Any CPU
		Release|Any CPU = Release|Any CPU
	EndGlobalSection
	GlobalSection(ProjectConfigurationPlatforms) = postSolution
		{9E007833-86DA-4BD7-AECD-755AD9F9C8D7}.Debug|Any CPU.ActiveCfg = Debug|Any CPU
		{9E007833-86DA-4BD7-AECD-755AD9F9C8D7}.Debug|Any CPU.Build.0 = Debug|Any CPU
		{9E007833-86DA-4BD7-AECD-755AD9F9C8D7}.Release|Any CPU.ActiveCfg = Release|Any CPU
		{9E007833-86DA-4BD7-AECD-755AD9F9C8D7}.Release|Any CPU.Build.0 = Release|Any CPU
	EndGlobalSection
	GlobalSection(SolutionProperties) = preSolution
		HideSolutionNode = FALSE
	EndGlobalSection
	GlobalSection(ExtensibilityGlobals) = postSolution
		SolutionGuid = {5A665708-6C7D-43AF-8892-DBB9CA0B1D0A}
	EndGlobalSection
EndGlobal
